// !$*UTF8*$!
{
	archiveVersion = 1;
	classes = {
	};
	objectVersion = 46;
	objects = {

/* Begin PBXBuildFile section */
		F4CB51921E2C3FB200972E42 /* AppDelegate.swift in Sources */ = {isa = PBXBuildFile; fileRef = F4CB51911E2C3FB200972E42 /* AppDelegate.swift */; };
		F4CB51941E2C3FB200972E42 /* ViewController.swift in Sources */ = {isa = PBXBuildFile; fileRef = F4CB51931E2C3FB200972E42 /* ViewController.swift */; };
		F4CB51971E2C3FB200972E42 /* Main.storyboard in Resources */ = {isa = PBXBuildFile; fileRef = F4CB51951E2C3FB200972E42 /* Main.storyboard */; };
		F4CB51991E2C3FB200972E42 /* Assets.xcassets in Resources */ = {isa = PBXBuildFile; fileRef = F4CB51981E2C3FB200972E42 /* Assets.xcassets */; };
		F4CB519C1E2C3FB200972E42 /* LaunchScreen.storyboard in Resources */ = {isa = PBXBuildFile; fileRef = F4CB519A1E2C3FB200972E42 /* LaunchScreen.storyboard */; };
/* End PBXBuildFile section */

/* Begin PBXFileReference section */
		F4CB518E1E2C3FB200972E42 /* beford2.app */ = {isa = PBXFileReference; explicitFileType = wrapper.application; includeInIndex = 0; path = beford2.app; sourceTree = BUILT_PRODUCTS_DIR; };
		F4CB51911E2C3FB200972E42 /* AppDelegate.swift */ = {isa = PBXFileReference; lastKnownFileType = sourcecode.swift; path = AppDelegate.swift; sourceTree = "<group>"; };
		F4CB51931E2C3FB200972E42 /* ViewController.swift */ = {isa = PBXFileReference; lastKnownFileType = sourcecode.swift; path = ViewController.swift; sourceTree = "<group>"; };
		F4CB51961E2C3FB200972E42 /* Base */ = {isa = PBXFileReference; lastKnownFileType = file.storyboard; name = Base; path = Base.lproj/Main.storyboard; sourceTree = "<group>"; };
		F4CB51981E2C3FB200972E42 /* Assets.xcassets */ = {isa = PBXFileReference; lastKnownFileType = folder.assetcatalog; path = Assets.xcassets; sourceTree = "<group>"; };
		F4CB519B1E2C3FB200972E42 /* Base */ = {isa = PBXFileReference; lastKnownFileType = file.storyboard; name = Base; path = Base.lproj/LaunchScreen.storyboard; sourceTree = "<group>"; };
		F4CB519D1E2C3FB200972E42 /* Info.plist */ = {isa = PBXFileReference; lastKnownFileType = text.plist.xml; path = Info.plist; sourceTree = "<group>"; };
/* End PBXFileReference section */

/* Begin PBXFrameworksBuildPhase section */
		F4CB518B1E2C3FB100972E42 /* Frameworks */ = {
			isa = PBXFrameworksBuildPhase;
			buildActionMask = 2147483647;
			files = (
			);
			runOnlyForDeploymentPostprocessing = 0;
		};
/* End PBXFrameworksBuildPhase section */

/* Begin PBXGroup section */
		F4CB51851E2C3FB100972E42 = {
			isa = PBXGroup;
			children = (
				F4CB51901E2C3FB200972E42 /* beford2 */,
				F4CB518F1E2C3FB200972E42 /* Products */,
			);
			sourceTree = "<group>";
		};
		F4CB518F1E2C3FB200972E42 /* Products */ = {
			isa = PBXGroup;
			children = (
				F4CB518E1E2C3FB200972E42 /* beford2.app */,
			);
			name = Products;
			sourceTree = "<group>";
		};
		F4CB51901E2C3FB200972E42 /* beford2 */ = {
			isa = PBXGroup;
			children = (
				F4CB51911E2C3FB200972E42 /* AppDelegate.swift */,
				F4CB51931E2C3FB200972E42 /* ViewController.swift */,
				F4CB51951E2C3FB200972E42 /* Main.storyboard */,
				F4CB51981E2C3FB200972E42 /* Assets.xcassets */,
				F4CB519A1E2C3FB200972E42 /* LaunchScreen.storyboard */,
				F4CB519D1E2C3FB200972E42 /* Info.plist */,
			);
			path = beford2;
			sourceTree = "<group>";
		};
/* End PBXGroup section */

/* Begin PBXNativeTarget section */
		F4CB518D1E2C3FB100972E42 /* beford2 */ = {
			isa = PBXNativeTarget;
			buildConfigurationList = F4CB51A01E2C3FB200972E42 /* Build configuration list for PBXNativeTarget "beford2" */;
			buildPhases = (
				F4CB518A1E2C3FB100972E42 /* Sources */,
				F4CB518B1E2C3FB100972E42 /* Frameworks */,
				F4CB518C1E2C3FB100972E42 /* Resources */,
			);
			buildRules = (
			);
			dependencies = (
			);
			name = beford2;
			productName = beford2;
			productReference = F4CB518E1E2C3FB200972E42 /* beford2.app */;
			productType = "com.apple.product-type.application";
		};
/* End PBXNativeTarget section */

/* Begin PBXProject section */
		F4CB51861E2C3FB100972E42 /* Project object */ = {
			isa = PBXProject;
			attributes = {
				LastSwiftUpdateCheck = 0820;
				LastUpgradeCheck = 0820;
				ORGANIZATIONNAME = GuangYihSheu;
				TargetAttributes = {
					F4CB518D1E2C3FB100972E42 = {
						CreatedOnToolsVersion = 8.2.1;
						ProvisioningStyle = Automatic;
					};
				};
			};
			buildConfigurationList = F4CB51891E2C3FB100972E42 /* Build configuration list for PBXProject "beford2" */;
			compatibilityVersion = "Xcode 3.2";
			developmentRegion = English;
			hasScannedForEncodings = 0;
			knownRegions = (
				en,
				Base,
			);
			mainGroup = F4CB51851E2C3FB100972E42;
			productRefGroup = F4CB518F1E2C3FB200972E42 /* Products */;
			projectDirPath = "";
			projectRoot = "";
			targets = (
				F4CB518D1E2C3FB100972E42 /* beford2 */,
			);
		};
/* End PBXProject section */

/* Begin PBXResourcesBuildPhase section */
		F4CB518C1E2C3FB100972E42 /* Resources */ = {
			isa = PBXResourcesBuildPhase;
			buildActionMask = 2147483647;
			files = (
				F4CB519C1E2C3FB200972E42 /* LaunchScreen.storyboard in Resources */,
				F4CB51991E2C3FB200972E42 /* Assets.xcassets in Resources */,
				F4CB51971E2C3FB200972E42 /* Main.storyboard in Resources */,
			);
			runOnlyForDeploymentPostprocessing = 0;
		};
/* End PBXResourcesBuildPhase section */

/* Begin PBXSourcesBuildPhase section */
		F4CB518A1E2C3FB100972E42 /* Sources */ = {
			isa = PBXSourcesBuildPhase;
			buildActionMask = 2147483647;
			files = (
				F4CB51941E2C3FB200972E42 /* ViewController.swift in Sources */,
				F4CB51921E2C3FB200972E42 /* AppDelegate.swift in Sources */,
			);
			runOnlyForDeploymentPostprocessing = 0;
		};
/* End PBXSourcesBuildPhase section */

/* Begin PBXVariantGroup section */
		F4CB51951E2C3FB200972E42 /* Main.storyboard */ = {
			isa = PBXVariantGroup;
			children = (
				F4CB51961E2C3FB200972E42 /* Base */,
			);
			name = Main.storyboard;
			sourceTree = "<group>";
		};
		F4CB519A1E2C3FB200972E42 /* LaunchScreen.storyboard */ = {
			isa = PBXVariantGroup;
			children = (
				F4CB519B1E2C3FB200972E42 /* Base */,
			);
			name = LaunchScreen.storyboard;
			sourceTree = "<group>";
		};
/* End PBXVariantGroup section */

/* Begin XCBuildConfiguration section */
		F4CB519E1E2C3FB200972E42 /* Debug */ = {
			isa = XCBuildConfiguration;
			buildSettings = {
				ALWAYS_SEARCH_USER_PATHS = NO;
				CLANG_ANALYZER_NONNULL = YES;
				CLANG_CXX_LANGUAGE_STANDARD = "gnu++0x";
				CLANG_CXX_LIBRARY = "libc++";
				CLANG_ENABLE_MODULES = YES;
				CLANG_ENABLE_OBJC_ARC = YES;
				CLANG_WARN_BOOL_CONVERSION = YES;
				CLANG_WARN_CONSTANT_CONVERSION = YES;
				CLANG_WARN_DIRECT_OBJC_ISA_USAGE = YES_ERROR;
				CLANG_WARN_DOCUMENTATION_COMMENTS = YES;
				CLANG_WARN_EMPTY_BODY = YES;
				CLANG_WARN_ENUM_CONVERSION = YES;
				CLANG_WARN_INFINITE_RECURSION = YES;
				CLANG_WARN_INT_CONVERSION = YES;
				CLANG_WARN_OBJC_ROOT_CLASS = YES_ERROR;
				CLANG_WARN_SUSPICIOUS_MOVE = YES;
				CLANG_WARN_UNREACHABLE_CODE = YES;
				CLANG_WARN__DUPLICATE_METHOD_MATCH = YES;
				"CODE_SIGN_IDENTITY[sdk=iphoneos*]" = "iPhone Developer";
				COPY_PHASE_STRIP = NO;
				DEBUG_INFORMATION_FORMAT = dwarf;
				ENABLE_STRICT_OBJC_MSGSEND = YES;
				ENABLE_TESTABILITY = YES;
				GCC_C_LANGUAGE_STANDARD = gnu99;
				GCC_DYNAMIC_NO_PIC = NO;
				GCC_NO_COMMON_BLOCKS = YES;
				GCC_OPTIMIZATION_LEVEL = 0;
				GCC_PREPROCESSOR_DEFINITIONS = (
					"DEBUG=1",
					"$(inherited)",
				);
				GCC_WARN_64_TO_32_BIT_CONVERSION = YES;
				GCC_WARN_ABOUT_RETURN_TYPE = YES_ERROR;
				GCC_WARN_UNDECLARED_SELECTOR = YES;
				GCC_WARN_UNINITIALIZED_AUTOS = YES_AGGRESSIVE;
				GCC_WARN_UNUSED_FUNCTION = YES;
				GCC_WARN_UNUSED_VARIABLE = YES;
				IPHONEOS_DEPLOYMENT_TARGET = 10.2;
				MTL_ENABLE_DEBUG_INFO = YES;
				ONLY_ACTIVE_ARCH = YES;
				SDKROOT = iphoneos;
				SWIFT_ACTIVE_COMPILATION_CONDITIONS = DEBUG;
				SWIFT_OPTIMIZATION_LEVEL = "-Onone";
				TARGETED_DEVICE_FAMILY = "1,2";
			};
			name = Debug;
		};
		F4CB519F1E2C3FB200972E42 /* Release */ = {
			isa = XCBuildConfiguration;
			buildSettings = {
				ALWAYS_SEARCH_USER_PATHS = NO;
				CLANG_ANALYZER_NONNULL = YES;
				CLANG_CXX_LANGUAGE_STANDARD = "gnu++0x";
				CLANG_CXX_LIBRARY = "libc++";
				CLANG_ENABLE_MODULES = YES;
				CLANG_ENABLE_OBJC_ARC = YES;
				CLANG_WARN_BOOL_CONVERSION = YES;
				CLANG_WARN_CONSTANT_CONVERSION = YES;
				CLANG_WARN_DIRECT_OBJC_ISA_USAGE = YES_ERROR;
				CLANG_WARN_DOCUMENTATION_COMMENTS = YES;
				CLANG_WARN_EMPTY_BODY = YES;
				CLANG_WARN_ENUM_CONVERSION = YES;
				CLANG_WARN_INFINITE_RECURSION = YES;
				CLANG_WARN_INT_CONVERSION = YES;
				CLANG_WARN_OBJC_ROOT_CLASS = YES_ERROR;
				CLANG_WARN_SUSPICIOUS_MOVE = YES;
				CLANG_WARN_UNREACHABLE_CODE = YES;
				CLANG_WARN__DUPLICATE_METHOD_MATCH = YES;
				"CODE_SIGN_IDENTITY[sdk=iphoneos*]" = "iPhone Developer";
				COPY_PHASE_STRIP = NO;
				DEBUG_INFORMATION_FORMAT = "dwarf-with-dsym";
				ENABLE_NS_ASSERTIONS = NO;
				ENABLE_STRICT_OBJC_MSGSEND = YES;
				GCC_C_LANGUAGE_STANDARD = gnu99;
				GCC_NO_COMMON_BLOCKS = YES;
				GCC_WARN_64_TO_32_BIT_CONVERSION = YES;
				GCC_WARN_ABOUT_RETURN_TYPE = YES_ERROR;
				GCC_WARN_UNDECLARED_SELECTOR = YES;
				GCC_WARN_UNINITIALIZED_AUTOS = YES_AGGRESSIVE;
				GCC_WARN_UNUSED_FUNCTION = YES;
				GCC_WARN_UNUSED_VARIABLE = YES;
				IPHONEOS_DEPLOYMENT_TARGET = 10.2;
				MTL_ENABLE_DEBUG_INFO = NO;
				SDKROOT = iphoneos;
				SWIFT_OPTIMIZATION_LEVEL = "-Owholemodule";
				TARGETED_DEVICE_FAMILY = "1,2";
				VALIDATE_PRODUCT = YES;
			};
			name = Release;
		};
		F4CB51A11E2C3FB200972E42 /* Debug */ = {
			isa = XCBuildConfiguration;
			buildSettings = {
				ASSETCATALOG_COMPILER_APPICON_NAME = AppIcon;
				INFOPLIST_FILE = beford2/Info.plist;
				LD_RUNPATH_SEARCH_PATHS = "$(inherited) @executable_path/Frameworks";
				PRODUCT_BUNDLE_IDENTIFIER = home.beford2;
				PRODUCT_NAME = "$(TARGET_NAME)";
				SWIFT_VERSION = 3.0;
			};
			name = Debug;
		};
		F4CB51A21E2C3FB200972E42 /* Release */ = {
			isa = XCBuildConfiguration;
			buildSettings = {
				ASSETCATALOG_COMPILER_APPICON_NAME = AppIcon;
				INFOPLIST_FILE = beford2/Info.plist;
				LD_RUNPATH_SEARCH_PATHS = "$(inherited) @executable_path/Frameworks";
				PRODUCT_BUNDLE_IDENTIFIER = home.beford2;
				PRODUCT_NAME = "$(TARGET_NAME)";
				SWIFT_VERSION = 3.0;
			};
			name = Release;
		};
/* End XCBuildConfiguration section */

/* Begin XCConfigurationList section */
		F4CB51891E2C3FB100972E42 /* Build configuration list for PBXProject "beford2" */ = {
			isa = XCConfigurationList;
			buildConfigurations = (
				F4CB519E1E2C3FB200972E42 /* Debug */,
				F4CB519F1E2C3FB200972E42 /* Release */,
			);
			defaultConfigurationIsVisible = 0;
			defaultConfigurationName = Release;
		};
		F4CB51A01E2C3FB200972E42 /* Build configuration list for PBXNativeTarget "beford2" */ = {
			isa = XCConfigurationList;
			buildConfigurations = (
				F4CB51A11E2C3FB200972E42 /* Debug */,
				F4CB51A21E2C3FB200972E42 /* Release */,
			);
			defaultConfigurationIsVisible = 0;
		};
/* End XCConfigurationList section */
	};
	rootObject = F4CB51861E2C3FB100972E42 /* Project object */;
}
